github.com/davecgh/go-spew v1.1.0 h1:ZDRjVQ15GmhC3fiQ8ni8+OwkZQO4DARzQgrnXU1Liz8=
github.com/davecgh/go-spew v1.1.0/go.mod h1:J7Y8YcW2NihsgmVo/mv3lAwl/skON4iLHjSsI+c5H38=
github.com/go-courier/codegen v1.0.4/go.mod h1:rYyjvDujxfCstsZdMrAgQBidlf4qTsGkiKb9AUjqGko=
github.com/go-courier/ptr v1.0.0 h1:FMByym4SbW3O+oHOyarH1V1nz9Bg/QR/UHkyD3QhPv4=
github.com/go-courier/ptr v1.0.0/go.mod h1:zr4IiMmN4jLW58SUvWuWvCwcbPKjk0w3brTb2aJscig=
github.com/go-courier/reflectx v1.1.1 h1:DTBxtIGM2PI2O9q//Bmppusepum3sAagpScmOcPo0A4=
github.com/go-courier/reflectx v1.1.1/go.mod h1:yLPdmEI05gD8+CQNlWEX7IuX/M6umWDkrVsWHNmB6/c=
github.com/pmezard/go-difflib v1.0.0 h1:4DBwDE0NGyQoBHbLQYPwSUPoCMWR5BEzIk/f1lZbAQM=
github.com/pmezard/go-difflib v1.0.0/go.mod h1:iKH77koFhYxTK1pcRnkKkqfTogsbg7gZNVY4sRDYZ/4=
github.com/stretchr/testify v1.2.2 h1:bSDNvY7ZPG5RlJ8otE/7V6gMiyenm9RtJ7IUVIAoJ1w=
github.com/stretchr/testify v1.2.2/go.mod h1:a8OnRcib4nhh0OaRAV+Yts87kKdq0PP7pXfy6kDkUVs=
